// !$*UTF8*$!
{
	archiveVersion = 1;
	classes = {
	};
	objectVersion = 50;
	objects = {

/* Begin PBXBuildFile section */
		F43F3A70213A8A2A0084974F /* AppDelegate.swift in Sources */ = {isa = PBXBuildFile; fileRef = F43F3A6F213A8A2A0084974F /* AppDelegate.swift */; };
		F43F3A72213A8A2A0084974F /* ViewController.swift in Sources */ = {isa = PBXBuildFile; fileRef = F43F3A71213A8A2A0084974F /* ViewController.swift */; };
		F43F3A75213A8A2A0084974F /* Main.storyboard in Resources */ = {isa = PBXBuildFile; fileRef = F43F3A73213A8A2A0084974F /* Main.storyboard */; };
		F43F3A77213A8A2B0084974F /* Assets.xcassets in Resources */ = {isa = PBXBuildFile; fileRef = F43F3A76213A8A2B0084974F /* Assets.xcassets */; };
		F43F3A7A213A8A2B0084974F /* LaunchScreen.storyboard in Resources */ = {isa = PBXBuildFile; fileRef = F43F3A78213A8A2B0084974F /* LaunchScreen.storyboard */; };
		F43F3A8A213A8B490084974F /* AASideBar.framework in Frameworks */ = {isa = PBXBuildFile; fileRef = F43F3A82213A8A6F0084974F /* AASideBar.framework */; };
		F43F3A8D213A9AFC0084974F /* TableViewController.swift in Sources */ = {isa = PBXBuildFile; fileRef = F43F3A8C213A9AFC0084974F /* TableViewController.swift */; };
		F43F3A8F213B97AD0084974F /* Connectable.swift in Sources */ = {isa = PBXBuildFile; fileRef = F43F3A8E213B97AD0084974F /* Connectable.swift */; };
		F43F3A92213B981B0084974F /* CustomSideBar.swift in Sources */ = {isa = PBXBuildFile; fileRef = F43F3A91213B981B0084974F /* CustomSideBar.swift */; };
		F43F3A94213B983D0084974F /* CustomSideBar.xib in Resources */ = {isa = PBXBuildFile; fileRef = F43F3A93213B983D0084974F /* CustomSideBar.xib */; };
		F43F3B39213BD7E40084974F /* GrayView.swift in Sources */ = {isa = PBXBuildFile; fileRef = F43F3B38213BD7E40084974F /* GrayView.swift */; };
		F43F3B3C213BD7F70084974F /* GrayView.xib in Resources */ = {isa = PBXBuildFile; fileRef = F43F3B3B213BD7F70084974F /* GrayView.xib */; };
/* End PBXBuildFile section */

/* Begin PBXCopyFilesBuildPhase section */
		F43F3A87213A8ACE0084974F /* Embed Frameworks */ = {
			isa = PBXCopyFilesBuildPhase;
			buildActionMask = 2147483647;
			dstPath = "";
			dstSubfolderSpec = 10;
			files = (
			);
			name = "Embed Frameworks";
			runOnlyForDeploymentPostprocessing = 0;
		};
/* End PBXCopyFilesBuildPhase section */

/* Begin PBXFileReference section */
		F43F3A6C213A8A2A0084974F /* SideBarExample.app */ = {isa = PBXFileReference; explicitFileType = wrapper.application; includeInIndex = 0; path = SideBarExample.app; sourceTree = BUILT_PRODUCTS_DIR; };
		F43F3A6F213A8A2A0084974F /* AppDelegate.swift */ = {isa = PBXFileReference; lastKnownFileType = sourcecode.swift; path = AppDelegate.swift; sourceTree = "<group>"; };
		F43F3A71213A8A2A0084974F /* ViewController.swift */ = {isa = PBXFileReference; lastKnownFileType = sourcecode.swift; path = ViewController.swift; sourceTree = "<group>"; };
		F43F3A74213A8A2A0084974F /* Base */ = {isa = PBXFileReference; lastKnownFileType = file.storyboard; name = Base; path = Base.lproj/Main.storyboard; sourceTree = "<group>"; };
		F43F3A76213A8A2B0084974F /* Assets.xcassets */ = {isa = PBXFileReference; lastKnownFileType = folder.assetcatalog; path = Assets.xcassets; sourceTree = "<group>"; };
		F43F3A79213A8A2B0084974F /* Base */ = {isa = PBXFileReference; lastKnownFileType = file.storyboard; name = Base; path = Base.lproj/LaunchScreen.storyboard; sourceTree = "<group>"; };
		F43F3A7B213A8A2B0084974F /* Info.plist */ = {isa = PBXFileReference; lastKnownFileType = text.plist.xml; path = Info.plist; sourceTree = "<group>"; };
		F43F3A82213A8A6F0084974F /* AASideBar.framework */ = {isa = PBXFileReference; explicitFileType = wrapper.framework; path = AASideBar.framework; sourceTree = BUILT_PRODUCTS_DIR; };
		F43F3A8C213A9AFC0084974F /* TableViewController.swift */ = {isa = PBXFileReference; lastKnownFileType = sourcecode.swift; path = TableViewController.swift; sourceTree = "<group>"; };
		F43F3A8E213B97AD0084974F /* Connectable.swift */ = {isa = PBXFileReference; lastKnownFileType = sourcecode.swift; path = Connectable.swift; sourceTree = "<group>"; };
		F43F3A91213B981B0084974F /* CustomSideBar.swift */ = {isa = PBXFileReference; lastKnownFileType = sourcecode.swift; path = CustomSideBar.swift; sourceTree = "<group>"; };
		F43F3A93213B983D0084974F /* CustomSideBar.xib */ = {isa = PBXFileReference; lastKnownFileType = file.xib; path = CustomSideBar.xib; sourceTree = "<group>"; };
		F43F3B38213BD7E40084974F /* GrayView.swift */ = {isa = PBXFileReference; lastKnownFileType = sourcecode.swift; path = GrayView.swift; sourceTree = "<group>"; };
		F43F3B3B213BD7F70084974F /* GrayView.xib */ = {isa = PBXFileReference; lastKnownFileType = file.xib; path = GrayView.xib; sourceTree = "<group>"; };
/* End PBXFileReference section */

/* Begin PBXFrameworksBuildPhase section */
		F43F3A69213A8A2A0084974F /* Frameworks */ = {
			isa = PBXFrameworksBuildPhase;
			buildActionMask = 2147483647;
			files = (
				F43F3A8A213A8B490084974F /* AASideBar.framework in Frameworks */,
			);
			runOnlyForDeploymentPostprocessing = 0;
		};
/* End PBXFrameworksBuildPhase section */

/* Begin PBXGroup section */
		F43F3A63213A8A2A0084974F = {
			isa = PBXGroup;
			children = (
				F43F3A6E213A8A2A0084974F /* SideBarExample */,
				F43F3A6D213A8A2A0084974F /* Products */,
				F43F3A81213A8A6F0084974F /* Frameworks */,
			);
			sourceTree = "<group>";
		};
		F43F3A6D213A8A2A0084974F /* Products */ = {
			isa = PBXGroup;
			children = (
				F43F3A6C213A8A2A0084974F /* SideBarExample.app */,
			);
			name = Products;
			sourceTree = "<group>";
		};
		F43F3A6E213A8A2A0084974F /* SideBarExample */ = {
			isa = PBXGroup;
			children = (
				F43F3B3A213BD7EA0084974F /* Gray */,
				F43F3A90213B97F70084974F /* Custom view */,
				F43F3A8B213A9AF00084974F /* Tableview */,
				F43F3A6F213A8A2A0084974F /* AppDelegate.swift */,
				F43F3A71213A8A2A0084974F /* ViewController.swift */,
				F43F3A8E213B97AD0084974F /* Connectable.swift */,
				F43F3A73213A8A2A0084974F /* Main.storyboard */,
				F43F3A76213A8A2B0084974F /* Assets.xcassets */,
				F43F3A78213A8A2B0084974F /* LaunchScreen.storyboard */,
				F43F3A7B213A8A2B0084974F /* Info.plist */,
			);
			path = SideBarExample;
			sourceTree = "<group>";
		};
		F43F3A81213A8A6F0084974F /* Frameworks */ = {
			isa = PBXGroup;
			children = (
				F43F3A82213A8A6F0084974F /* AASideBar.framework */,
			);
			name = Frameworks;
			sourceTree = "<group>";
		};
		F43F3A8B213A9AF00084974F /* Tableview */ = {
			isa = PBXGroup;
			children = (
				F43F3A8C213A9AFC0084974F /* TableViewController.swift */,
			);
			path = Tableview;
			sourceTree = "<group>";
		};
		F43F3A90213B97F70084974F /* Custom view */ = {
			isa = PBXGroup;
			children = (
				F43F3A91213B981B0084974F /* CustomSideBar.swift */,
				F43F3A93213B983D0084974F /* CustomSideBar.xib */,
			);
			path = "Custom view";
			sourceTree = "<group>";
		};
		F43F3B3A213BD7EA0084974F /* Gray */ = {
			isa = PBXGroup;
			children = (
				F43F3B38213BD7E40084974F /* GrayView.swift */,
				F43F3B3B213BD7F70084974F /* GrayView.xib */,
			);
			path = Gray;
			sourceTree = "<group>";
		};
/* End PBXGroup section */

/* Begin PBXNativeTarget section */
		F43F3A6B213A8A2A0084974F /* SideBarExample */ = {
			isa = PBXNativeTarget;
			buildConfigurationList = F43F3A7E213A8A2B0084974F /* Build configuration list for PBXNativeTarget "SideBarExample" */;
			buildPhases = (
				F43F3A68213A8A2A0084974F /* Sources */,
				F43F3A69213A8A2A0084974F /* Frameworks */,
				F43F3A6A213A8A2A0084974F /* Resources */,
				F43F3A87213A8ACE0084974F /* Embed Frameworks */,
			);
			buildRules = (
			);
			dependencies = (
			);
			name = SideBarExample;
			productName = SideBarExample;
			productReference = F43F3A6C213A8A2A0084974F /* SideBarExample.app */;
			productType = "com.apple.product-type.application";
		};
/* End PBXNativeTarget section */

/* Begin PBXProject section */
		F43F3A64213A8A2A0084974F /* Project object */ = {
			isa = PBXProject;
			attributes = {
				LastSwiftUpdateCheck = 0940;
				LastUpgradeCheck = 0940;
				ORGANIZATIONNAME = amir;
				TargetAttributes = {
					F43F3A6B213A8A2A0084974F = {
						CreatedOnToolsVersion = 9.4.1;
					};
				};
			};
			buildConfigurationList = F43F3A67213A8A2A0084974F /* Build configuration list for PBXProject "SideBarExample" */;
			compatibilityVersion = "Xcode 9.3";
			developmentRegion = en;
			hasScannedForEncodings = 0;
			knownRegions = (
				en,
				Base,
			);
			mainGroup = F43F3A63213A8A2A0084974F;
			productRefGroup = F43F3A6D213A8A2A0084974F /* Products */;
			projectDirPath = "";
			projectRoot = "";
			targets = (
				F43F3A6B213A8A2A0084974F /* SideBarExample */,
			);
		};
/* End PBXProject section */

/* Begin PBXResourcesBuildPhase section */
		F43F3A6A213A8A2A0084974F /* Resources */ = {
			isa = PBXResourcesBuildPhase;
			buildActionMask = 2147483647;
			files = (
				F43F3B3C213BD7F70084974F /* GrayView.xib in Resources */,
				F43F3A7A213A8A2B0084974F /* LaunchScreen.storyboard in Resources */,
				F43F3A77213A8A2B0084974F /* Assets.xcassets in Resources */,
				F43F3A75213A8A2A0084974F /* Main.storyboard in Resources */,
				F43F3A94213B983D0084974F /* CustomSideBar.xib in Resources */,
			);
			runOnlyForDeploymentPostprocessing = 0;
		};
/* End PBXResourcesBuildPhase section */

/* Begin PBXSourcesBuildPhase section */
		F43F3A68213A8A2A0084974F /* Sources */ = {
			isa = PBXSourcesBuildPhase;
			buildActionMask = 2147483647;
			files = (
				F43F3A72213A8A2A0084974F /* ViewController.swift in Sources */,
				F43F3A92213B981B0084974F /* CustomSideBar.swift in Sources */,
				F43F3A8D213A9AFC0084974F /* TableViewController.swift in Sources */,
				F43F3B39213BD7E40084974F /* GrayView.swift in Sources */,
				F43F3A8F213B97AD0084974F /* Connectable.swift in Sources */,
				F43F3A70213A8A2A0084974F /* AppDelegate.swift in Sources */,
			);
			runOnlyForDeploymentPostprocessing = 0;
		};
/* End PBXSourcesBuildPhase section */

/* Begin PBXVariantGroup section */
		F43F3A73213A8A2A0084974F /* Main.storyboard */ = {
			isa = PBXVariantGroup;
			children = (
				F43F3A74213A8A2A0084974F /* Base */,
			);
			name = Main.storyboard;
			sourceTree = "<group>";
		};
		F43F3A78213A8A2B0084974F /* LaunchScreen.storyboard */ = {
			isa = PBXVariantGroup;
			children = (
				F43F3A79213A8A2B0084974F /* Base */,
			);
			name = LaunchScreen.storyboard;
			sourceTree = "<group>";
		};
/* End PBXVariantGroup section */

/* Begin XCBuildConfiguration section */
		F43F3A7C213A8A2B0084974F /* Debug */ = {
			isa = XCBuildConfiguration;
			buildSettings = {
				ALWAYS_SEARCH_USER_PATHS = NO;
				CLANG_ANALYZER_NONNULL = YES;
				CLANG_ANALYZER_NUMBER_OBJECT_CONVERSION = YES_AGGRESSIVE;
				CLANG_CXX_LANGUAGE_STANDARD = "gnu++14";
				CLANG_CXX_LIBRARY = "libc++";
				CLANG_ENABLE_MODULES = YES;
				CLANG_ENABLE_OBJC_ARC = YES;
				CLANG_ENABLE_OBJC_WEAK = YES;
				CLANG_WARN_BLOCK_CAPTURE_AUTORELEASING = YES;
				CLANG_WARN_BOOL_CONVERSION = YES;
				CLANG_WARN_COMMA = YES;
				CLANG_WARN_CONSTANT_CONVERSION = YES;
				CLANG_WARN_DEPRECATED_OBJC_IMPLEMENTATIONS = YES;
				CLANG_WARN_DIRECT_OBJC_ISA_USAGE = YES_ERROR;
				CLANG_WARN_DOCUMENTATION_COMMENTS = YES;
				CLANG_WARN_EMPTY_BODY = YES;
				CLANG_WARN_ENUM_CONVERSION = YES;
				CLANG_WARN_INFINITE_RECURSION = YES;
				CLANG_WARN_INT_CONVERSION = YES;
				CLANG_WARN_NON_LITERAL_NULL_CONVERSION = YES;
				CLANG_WARN_OBJC_IMPLICIT_RETAIN_SELF = YES;
				CLANG_WARN_OBJC_LITERAL_CONVERSION = YES;
				CLANG_WARN_OBJC_ROOT_CLASS = YES_ERROR;
				CLANG_WARN_RANGE_LOOP_ANALYSIS = YES;
				CLANG_WARN_STRICT_PROTOTYPES = YES;
				CLANG_WARN_SUSPICIOUS_MOVE = YES;
				CLANG_WARN_UNGUARDED_AVAILABILITY = YES_AGGRESSIVE;
				CLANG_WARN_UNREACHABLE_CODE = YES;
				CLANG_WARN__DUPLICATE_METHOD_MATCH = YES;
				CODE_SIGN_IDENTITY = "iPhone Developer";
				COPY_PHASE_STRIP = NO;
				DEBUG_INFORMATION_FORMAT = dwarf;
				ENABLE_STRICT_OBJC_MSGSEND = YES;
				ENABLE_TESTABILITY = YES;
				GCC_C_LANGUAGE_STANDARD = gnu11;
				GCC_DYNAMIC_NO_PIC = NO;
				GCC_NO_COMMON_BLOCKS = YES;
				GCC_OPTIMIZATION_LEVEL = 0;
				GCC_PREPROCESSOR_DEFINITIONS = (
					"DEBUG=1",
					"$(inherited)",
				);
				GCC_WARN_64_TO_32_BIT_CONVERSION = YES;
				GCC_WARN_ABOUT_RETURN_TYPE = YES_ERROR;
				GCC_WARN_UNDECLARED_SELECTOR = YES;
				GCC_WARN_UNINITIALIZED_AUTOS = YES_AGGRESSIVE;
				GCC_WARN_UNUSED_FUNCTION = YES;
				GCC_WARN_UNUSED_VARIABLE = YES;
				IPHONEOS_DEPLOYMENT_TARGET = 11.4;
				MTL_ENABLE_DEBUG_INFO = YES;
				ONLY_ACTIVE_ARCH = YES;
				SDKROOT = iphoneos;
				SWIFT_ACTIVE_COMPILATION_CONDITIONS = DEBUG;
				SWIFT_OPTIMIZATION_LEVEL = "-Onone";
			};
			name = Debug;
		};
		F43F3A7D213A8A2B0084974F /* Release */ = {
			isa = XCBuildConfiguration;
			buildSettings = {
				ALWAYS_SEARCH_USER_PATHS = NO;
				CLANG_ANALYZER_NONNULL = YES;
				CLANG_ANALYZER_NUMBER_OBJECT_CONVERSION = YES_AGGRESSIVE;
				CLANG_CXX_LANGUAGE_STANDARD = "gnu++14";
				CLANG_CXX_LIBRARY = "libc++";
				CLANG_ENABLE_MODULES = YES;
				CLANG_ENABLE_OBJC_ARC = YES;
				CLANG_ENABLE_OBJC_WEAK = YES;
				CLANG_WARN_BLOCK_CAPTURE_AUTORELEASING = YES;
				CLANG_WARN_BOOL_CONVERSION = YES;
				CLANG_WARN_COMMA = YES;
				CLANG_WARN_CONSTANT_CONVERSION = YES;
				CLANG_WARN_DEPRECATED_OBJC_IMPLEMENTATIONS = YES;
				CLANG_WARN_DIRECT_OBJC_ISA_USAGE = YES_ERROR;
				CLANG_WARN_DOCUMENTATION_COMMENTS = YES;
				CLANG_WARN_EMPTY_BODY = YES;
				CLANG_WARN_ENUM_CONVERSION = YES;
				CLANG_WARN_INFINITE_RECURSION = YES;
				CLANG_WARN_INT_CONVERSION = YES;
				CLANG_WARN_NON_LITERAL_NULL_CONVERSION = YES;
				CLANG_WARN_OBJC_IMPLICIT_RETAIN_SELF = YES;
				CLANG_WARN_OBJC_LITERAL_CONVERSION = YES;
				CLANG_WARN_OBJC_ROOT_CLASS = YES_ERROR;
				CLANG_WARN_RANGE_LOOP_ANALYSIS = YES;
				CLANG_WARN_STRICT_PROTOTYPES = YES;
				CLANG_WARN_SUSPICIOUS_MOVE = YES;
				CLANG_WARN_UNGUARDED_AVAILABILITY = YES_AGGRESSIVE;
				CLANG_WARN_UNREACHABLE_CODE = YES;
				CLANG_WARN__DUPLICATE_METHOD_MATCH = YES;
				CODE_SIGN_IDENTITY = "iPhone Developer";
				COPY_PHASE_STRIP = NO;
				DEBUG_INFORMATION_FORMAT = "dwarf-with-dsym";
				ENABLE_NS_ASSERTIONS = NO;
				ENABLE_STRICT_OBJC_MSGSEND = YES;
				GCC_C_LANGUAGE_STANDARD = gnu11;
				GCC_NO_COMMON_BLOCKS = YES;
				GCC_WARN_64_TO_32_BIT_CONVERSION = YES;
				GCC_WARN_ABOUT_RETURN_TYPE = YES_ERROR;
				GCC_WARN_UNDECLARED_SELECTOR = YES;
				GCC_WARN_UNINITIALIZED_AUTOS = YES_AGGRESSIVE;
				GCC_WARN_UNUSED_FUNCTION = YES;
				GCC_WARN_UNUSED_VARIABLE = YES;
				IPHONEOS_DEPLOYMENT_TARGET = 11.4;
				MTL_ENABLE_DEBUG_INFO = NO;
				SDKROOT = iphoneos;
				SWIFT_COMPILATION_MODE = wholemodule;
				SWIFT_OPTIMIZATION_LEVEL = "-O";
				VALIDATE_PRODUCT = YES;
			};
			name = Release;
		};
		F43F3A7F213A8A2B0084974F /* Debug */ = {
			isa = XCBuildConfiguration;
			buildSettings = {
				ASSETCATALOG_COMPILER_APPICON_NAME = AppIcon;
				CODE_SIGN_STYLE = Automatic;
				INFOPLIST_FILE = SideBarExample/Info.plist;
				LD_RUNPATH_SEARCH_PATHS = (
					"$(inherited)",
					"@executable_path/Frameworks",
				);
				PRODUCT_BUNDLE_IDENTIFIER = ardalani.amir.SideBarExample;
				PRODUCT_NAME = "$(TARGET_NAME)";
				SWIFT_VERSION = 4.0;
				TARGETED_DEVICE_FAMILY = "1,2";
			};
			name = Debug;
		};
		F43F3A80213A8A2B0084974F /* Release */ = {
			isa = XCBuildConfiguration;
			buildSettings = {
				ASSETCATALOG_COMPILER_APPICON_NAME = AppIcon;
				CODE_SIGN_STYLE = Automatic;
				INFOPLIST_FILE = SideBarExample/Info.plist;
				LD_RUNPATH_SEARCH_PATHS = (
					"$(inherited)",
					"@executable_path/Frameworks",
				);
				PRODUCT_BUNDLE_IDENTIFIER = ardalani.amir.SideBarExample;
				PRODUCT_NAME = "$(TARGET_NAME)";
				SWIFT_VERSION = 4.0;
				TARGETED_DEVICE_FAMILY = "1,2";
			};
			name = Release;
		};
/* End XCBuildConfiguration section */

/* Begin XCConfigurationList section */
		F43F3A67213A8A2A0084974F /* Build configuration list for PBXProject "SideBarExample" */ = {
			isa = XCConfigurationList;
			buildConfigurations = (
				F43F3A7C213A8A2B0084974F /* Debug */,
				F43F3A7D213A8A2B0084974F /* Release */,
			);
			defaultConfigurationIsVisible = 0;
			defaultConfigurationName = Release;
		};
		F43F3A7E213A8A2B0084974F /* Build configuration list for PBXNativeTarget "SideBarExample" */ = {
			isa = XCConfigurationList;
			buildConfigurations = (
				F43F3A7F213A8A2B0084974F /* Debug */,
				F43F3A80213A8A2B0084974F /* Release */,
			);
			defaultConfigurationIsVisible = 0;
			defaultConfigurationName = Release;
		};
/* End XCConfigurationList section */
	};
	rootObject = F43F3A64213A8A2A0084974F /* Project object */;
}
